{
    "_meta": {
        "hash": {
            "sha256": "040382f8d026fff4e2358b89ff6e537fc167934c3371d4989a7496ea4bc0947c"
        },
        "pipfile-spec": 6,
        "requires": {
            "python_version": "3.11"
        },
        "sources": [
            {
                "name": "pypi",
                "url": "https://pypi.org/simple",
                "verify_ssl": true
            }
        ]
    },
    "default": {
        "docopt": {
            "hashes": [
                "sha256:49b3a825280bd66b3aa83585ef59c4a8c82f2c8a522dbe754a8bc8d08c85c491"
            ],
            "version": "==0.6.2"
        },
        "stomp-py": {
            "hashes": [
                "sha256:61200b85442a0f374155820f122518371c9c3dc77bb320ae9052d5a840fc5875",
                "sha256:b56e62da090863cc65e5fbf832230318cd53e99dc777de19ecb04e83914f1371"
            ],
            "index": "pypi",
            "markers": "python_version >= '3.7' and python_version < '4.0'",
            "version": "==8.1.2"
        },
        "websocket-client": {
            "hashes": [
                "sha256:17b44cc997f5c498e809b22cdf2d9c7a9e71c02c8cc2b6c56e7c2d1239bfa526",
                "sha256:3239df9f44da632f96012472805d40a23281a991027ce11d2f45a6f24ac4c3da"
            ],
            "markers": "python_version >= '3.8'",
            "version": "==1.8.0"
        }
    },
    "develop": {}
}
